<?xml version="1.0" encoding="UTF-8"?>
<CONFIG>
  <ProjectOptions>
    <Version Value="10"/>
    <PathDelim Value="\"/>
    <General>
      <SessionStorage Value="InProjectDir"/>
      <MainUnit Value="0"/>
      <Title Value="Tiny Radio Player"/>
      <ResourceType Value="res"/>
      <UseXPManifest Value="True"/>
      <Icon Value="0"/>
    </General>
    <BuildModes Count="2">
      <Item1 Name="Debug" Default="True"/>
      <Item2 Name="Release">
        <CompilerOptions>
          <Version Value="11"/>
          <PathDelim Value="\"/>
          <Target>
            <Filename Value="..\bin\$(TargetCPU)-$(TargetOS)\TinyRadioPlayer"/>
          </Target>
          <SearchPaths>
            <IncludeFiles Value="$(ProjOutDir)"/>
            <OtherUnitFiles Value="..\lib\$(TargetCPU)-$(TargetOS)"/>
            <UnitOutputDirectory Value="..\compiled\$(TargetCPU)-$(TargetOS)"/>
          </SearchPaths>
          <CodeGeneration>
            <SmartLinkUnit Value="True"/>
            <Optimizations>
              <OptimizationLevel Value="3"/>
            </Optimizations>
          </CodeGeneration>
          <Linking>
            <Debugging>
              <GenerateDebugInfo Value="False"/>
            </Debugging>
            <LinkSmart Value="True"/>
            <Options>
              <Win32>
                <GraphicApplication Value="True"/>
              </Win32>
            </Options>
          </Linking>
          <Other>
            <CustomOptions Value="-dUseCThreads
-dRELEASE"/>
          </Other>
        </CompilerOptions>
      </Item2>
    </BuildModes>
    <PublishOptions>
      <Version Value="2"/>
    </PublishOptions>
    <RunParams>
      <local>
        <FormatVersion Value="1"/>
      </local>
    </RunParams>
    <RequiredPackages Count="5">
      <Item1>
        <PackageName Value="virtualtreeview_package"/>
      </Item1>
      <Item2>
        <PackageName Value="zcomponent"/>
      </Item2>
      <Item3>
        <PackageName Value="bgracontrols"/>
      </Item3>
      <Item4>
        <PackageName Value="lclextensions_package"/>
      </Item4>
      <Item5>
        <PackageName Value="LCL"/>
      </Item5>
    </RequiredPackages>
    <Units Count="22">
      <Unit0>
        <Filename Value="TinyRadioPlayer.lpr"/>
        <IsPartOfProject Value="True"/>
      </Unit0>
      <Unit1>
        <Filename Value="mainformunit.pas"/>
        <IsPartOfProject Value="True"/>
        <ComponentName Value="MainForm"/>
        <HasResources Value="True"/>
        <ResourceBaseClass Value="Form"/>
        <UnitName Value="MainFormUnit"/>
      </Unit1>
      <Unit2>
        <Filename Value="radioplayerthread.pas"/>
        <IsPartOfProject Value="True"/>
        <UnitName Value="RadioPlayerThread"/>
      </Unit2>
      <Unit3>
        <Filename Value="consts.pas"/>
        <IsPartOfProject Value="True"/>
        <UnitName Value="Consts"/>
      </Unit3>
      <Unit4>
        <Filename Value="radioplayer.pas"/>
        <IsPartOfProject Value="True"/>
        <UnitName Value="RadioPlayer"/>
      </Unit4>
      <Unit5>
        <Filename Value="helpers.pas"/>
        <IsPartOfProject Value="True"/>
        <UnitName Value="Helpers"/>
      </Unit5>
      <Unit6>
        <Filename Value="radioplayertypes.pas"/>
        <IsPartOfProject Value="True"/>
        <UnitName Value="RadioPlayerTypes"/>
      </Unit6>
      <Unit7>
        <Filename Value="log.pas"/>
        <IsPartOfProject Value="True"/>
        <UnitName Value="Log"/>
      </Unit7>
      <Unit8>
        <Filename Value="language.pas"/>
        <IsPartOfProject Value="True"/>
        <UnitName Value="Language"/>
      </Unit8>
      <Unit9>
        <Filename Value="trperrors.pas"/>
        <IsPartOfProject Value="True"/>
        <UnitName Value="TRPErrors"/>
      </Unit9>
      <Unit10>
        <Filename Value="trpsettings.pas"/>
        <IsPartOfProject Value="True"/>
        <UnitName Value="TRPSettings"/>
      </Unit10>
      <Unit11>
        <Filename Value="baserepository.pas"/>
        <IsPartOfProject Value="True"/>
        <UnitName Value="BaseRepository"/>
      </Unit11>
      <Unit12>
        <Filename Value="mainrepository.pas"/>
        <IsPartOfProject Value="True"/>
        <UnitName Value="MainRepository"/>
      </Unit12>
      <Unit13>
        <Filename Value="repository.pas"/>
        <IsPartOfProject Value="True"/>
        <UnitName Value="Repository"/>
      </Unit13>
      <Unit14>
        <Filename Value="stationrepository.pas"/>
        <IsPartOfProject Value="True"/>
        <UnitName Value="StationRepository"/>
      </Unit14>
      <Unit15>
        <Filename Value="dictionaryrepository.pas"/>
        <IsPartOfProject Value="True"/>
        <UnitName Value="DictionaryRepository"/>
      </Unit15>
      <Unit16>
        <Filename Value="ctrpcommon.pas"/>
        <IsPartOfProject Value="True"/>
        <UnitName Value="CTRPCommon"/>
      </Unit16>
      <Unit17>
        <Filename Value="ctrppersistent.pas"/>
        <IsPartOfProject Value="True"/>
        <UnitName Value="CTRPPersistent"/>
      </Unit17>
      <Unit18>
        <Filename Value="ctrptextscroll.pas"/>
        <IsPartOfProject Value="True"/>
        <UnitName Value="CTRPTextScroll"/>
      </Unit18>
      <Unit19>
        <Filename Value="ctrptrackbar.pas"/>
        <IsPartOfProject Value="True"/>
        <UnitName Value="CTRPTrackBar"/>
      </Unit19>
      <Unit20>
        <Filename Value="baseformunit.pas"/>
        <IsPartOfProject Value="True"/>
        <ComponentName Value="BaseForm"/>
        <HasResources Value="True"/>
        <ResourceBaseClass Value="Form"/>
        <UnitName Value="BaseFormUnit"/>
      </Unit20>
      <Unit21>
        <Filename Value="openstationurlformunit.pas"/>
        <IsPartOfProject Value="True"/>
        <ComponentName Value="OpenStationUrlForm"/>
        <HasResources Value="True"/>
        <ResourceBaseClass Value="Form"/>
        <UnitName Value="OpenStationUrlFormUnit"/>
      </Unit21>
    </Units>
  </ProjectOptions>
  <CompilerOptions>
    <Version Value="11"/>
    <PathDelim Value="\"/>
    <Target>
      <Filename Value="..\bin\$(TargetCPU)-$(TargetOS)\TinyRadioPlayer"/>
    </Target>
    <SearchPaths>
      <IncludeFiles Value="$(ProjOutDir)"/>
      <OtherUnitFiles Value="..\lib\$(TargetCPU)-$(TargetOS)"/>
      <UnitOutputDirectory Value="..\compiled\$(TargetCPU)-$(TargetOS)"/>
    </SearchPaths>
    <Parsing>
      <SyntaxOptions>
        <IncludeAssertionCode Value="True"/>
      </SyntaxOptions>
    </Parsing>
    <CodeGeneration>
      <Checks>
        <IOChecks Value="True"/>
        <RangeChecks Value="True"/>
        <OverflowChecks Value="True"/>
        <StackChecks Value="True"/>
      </Checks>
      <VerifyObjMethodCallValidity Value="True"/>
      <Optimizations>
        <OptimizationLevel Value="0"/>
      </Optimizations>
    </CodeGeneration>
    <Linking>
      <Debugging>
        <DebugInfoType Value="dsDwarf2"/>
        <TrashVariables Value="True"/>
        <UseExternalDbgSyms Value="True"/>
      </Debugging>
      <Options>
        <Win32>
          <GraphicApplication Value="True"/>
        </Win32>
      </Options>
    </Linking>
    <Other>
      <CustomOptions Value="-dUseCThreads
-dDEBUG"/>
    </Other>
  </CompilerOptions>
  <Debugging>
    <Exceptions Count="3">
      <Item1>
        <Name Value="EAbort"/>
      </Item1>
      <Item2>
        <Name Value="ECodetoolError"/>
      </Item2>
      <Item3>
        <Name Value="EFOpenError"/>
      </Item3>
    </Exceptions>
  </Debugging>
</CONFIG>
